<?xml version="1.0" encoding="utf-8"?>
<Project ToolsVersion="4.0" xmlns="http://schemas.microsoft.com/developer/msbuild/2003">
  <ItemGroup>
    <Filter Include="01. Common">
      <UniqueIdentifier>{23ed91dc-21d4-414e-9b79-44d546b2e977}</UniqueIdentifier>
    </Filter>
    <Filter Include="01. Common\pch">
      <UniqueIdentifier>{5199cb00-a575-4a5c-897b-1b0a57b4b617}</UniqueIdentifier>
    </Filter>
    <Filter Include="02. Thread">
      <UniqueIdentifier>{adfd90cc-898d-4f82-8052-48910d8e8f96}</UniqueIdentifier>
    </Filter>
    <Filter Include="03. Socket">
      <UniqueIdentifier>{21b14885-c9ac-494b-b52f-98d009779c39}</UniqueIdentifier>
    </Filter>
    <Filter Include="04. Memory">
      <UniqueIdentifier>{235a48d5-8658-470d-b6a8-795d3ea469b5}</UniqueIdentifier>
    </Filter>
    <Filter Include="05. SQL">
      <UniqueIdentifier>{b200a48a-5193-4828-89f3-ae9340bd6bdc}</UniqueIdentifier>
    </Filter>
    <Filter Include="99. Utils">
      <UniqueIdentifier>{9b18613d-48a0-46a7-ba39-e60c1be22282}</UniqueIdentifier>
    </Filter>
    <Filter Include="99. Utils\Dumper">
      <UniqueIdentifier>{b2570963-34b0-47f5-a4e7-e09c72431815}</UniqueIdentifier>
    </Filter>
    <Filter Include="99. Utils\Logger">
      <UniqueIdentifier>{d602aa3f-e3cf-4a13-912d-6367979eaa82}</UniqueIdentifier>
    </Filter>
    <Filter Include="02. Thread\LockContainer">
      <UniqueIdentifier>{b6e6b423-640d-40fb-89fe-c114592fab29}</UniqueIdentifier>
    </Filter>
    <Filter Include="06. JobQueue">
      <UniqueIdentifier>{d7d79277-705b-4ba3-aba1-264a0ddb074f}</UniqueIdentifier>
    </Filter>
  </ItemGroup>
  <ItemGroup>
    <ClInclude Include="framework.h">
      <Filter>01. Common\pch</Filter>
    </ClInclude>
    <ClInclude Include="pch.h">
      <Filter>01. Common\pch</Filter>
    </ClInclude>
    <ClInclude Include="SlimePch.h">
      <Filter>01. Common</Filter>
    </ClInclude>
    <ClInclude Include="SlimeType.h">
      <Filter>01. Common</Filter>
    </ClInclude>
    <ClInclude Include="ThreadManager.h">
      <Filter>02. Thread</Filter>
    </ClInclude>
    <ClInclude Include="ThreadLock.h">
      <Filter>02. Thread</Filter>
    </ClInclude>
    <ClInclude Include="DeadLockDetector.h">
      <Filter>02. Thread</Filter>
    </ClInclude>
    <ClInclude Include="SlimeAllocator.h">
      <Filter>04. Memory</Filter>
    </ClInclude>
    <ClInclude Include="MemoryPool.h">
      <Filter>04. Memory</Filter>
    </ClInclude>
    <ClInclude Include="MemoryManager.h">
      <Filter>04. Memory</Filter>
    </ClInclude>
    <ClInclude Include="MemoryLeakDetector.h">
      <Filter>04. Memory</Filter>
    </ClInclude>
    <ClInclude Include="Dumper.h">
      <Filter>99. Utils\Dumper</Filter>
    </ClInclude>
    <ClInclude Include="Logger.h">
      <Filter>99. Utils\Logger</Filter>
    </ClInclude>
    <ClInclude Include="LockQueue.h">
      <Filter>02. Thread\LockContainer</Filter>
    </ClInclude>
    <ClInclude Include="Job.h">
      <Filter>06. JobQueue</Filter>
    </ClInclude>
    <ClInclude Include="JobQueue.h">
      <Filter>06. JobQueue</Filter>
    </ClInclude>
  </ItemGroup>
  <ItemGroup>
    <ClCompile Include="pch.cpp">
      <Filter>01. Common\pch</Filter>
    </ClCompile>
    <ClCompile Include="SlimePch.cpp">
      <Filter>01. Common</Filter>
    </ClCompile>
    <ClCompile Include="SlimeType.cpp">
      <Filter>01. Common</Filter>
    </ClCompile>
    <ClCompile Include="ThreadManager.cpp">
      <Filter>02. Thread</Filter>
    </ClCompile>
    <ClCompile Include="ThreadLock.cpp">
      <Filter>02. Thread</Filter>
    </ClCompile>
    <ClCompile Include="DeadLockDetector.cpp">
      <Filter>02. Thread</Filter>
    </ClCompile>
    <ClCompile Include="SlimeAllocator.cpp">
      <Filter>04. Memory</Filter>
    </ClCompile>
    <ClCompile Include="MemoryPool.cpp">
      <Filter>04. Memory</Filter>
    </ClCompile>
    <ClCompile Include="MemoryManager.cpp">
      <Filter>04. Memory</Filter>
    </ClCompile>
    <ClCompile Include="Dumper.cpp">
      <Filter>99. Utils\Dumper</Filter>
    </ClCompile>
    <ClCompile Include="Logger.cpp">
      <Filter>99. Utils\Logger</Filter>
    </ClCompile>
    <ClCompile Include="LockQueue.cpp">
      <Filter>02. Thread\LockContainer</Filter>
    </ClCompile>
    <ClCompile Include="Job.cpp">
      <Filter>06. JobQueue</Filter>
    </ClCompile>
    <ClCompile Include="JobQueue.cpp">
      <Filter>06. JobQueue</Filter>
    </ClCompile>
  </ItemGroup>
</Project>